
Microsoft Visual Studio Solution File, Format Version 12.00
# Visual Studio Version 17
VisualStudioVersion = 17.2.32505.173
MinimumVisualStudioVersion = 10.0.40219.1
Project("{9A19103F-16F7-4668-BE54-9A1E7A4F7556}") = "Codecool.CodecoolersEverywhere", "Codecool.CodecoolersEverywhere.csproj", "{0EB7033F-10C2-499F-8B48-8C95B935638A}"
EndProject
Global
	GlobalSection(SolutionConfigurationPlatforms) = preSolution
		Debug|Any CPU = Debug|Any CPU
		Release|Any CPU = Release|Any CPU
	EndGlobalSection
	GlobalSection(ProjectConfigurationPlatforms) = postSolution
		{0EB7033F-10C2-499F-8B48-8C95B935638A}.Debug|Any CPU.ActiveCfg = Debug|Any CPU
		{0EB7033F-10C2-499F-8B48-8C95B935638A}.Debug|Any CPU.Build.0 = Debug|Any CPU
		{0EB7033F-10C2-499F-8B48-8C95B935638A}.Release|Any CPU.ActiveCfg = Release|Any CPU
		{0EB7033F-10C2-499F-8B48-8C95B935638A}.Release|Any CPU.Build.0 = Release|Any CPU
	EndGlobalSection
	GlobalSection(SolutionProperties) = preSolution
		HideSolutionNode = FALSE
	EndGlobalSection
	GlobalSection(ExtensibilityGlobals) = postSolution
		SolutionGuid = {4B046755-0EC3-423A-824E-349B9713905B}
	EndGlobalSection
EndGlobal
